github.com/asergeyev/nradix v0.0.0-20170505151046-3872ab85bb56/go.mod h1:8BhOLuqtSuT5NZtZMwfvEibi09RO3u79uqfHZzfDTR4=
github.com/asergeyev/nradix v0.0.0-20220715161825-e451993e425c h1:cN6WRmhJkh/u5bvf/XXjoqcHxljVKIz3Nt7q2dVJySo=
github.com/asergeyev/nradix v0.0.0-20220715161825-e451993e425c/go.mod h1:8BhOLuqtSuT5NZtZMwfvEibi09RO3u79uqfHZzfDTR4=
github.com/zmap/go-iptree v0.0.0-20260427234317-6edabe974d8a h1:/eGk4H48xsW4Abz2/w629IldpLdjnTuTSN8lBoW0Le0=
github.com/zmap/go-iptree v0.0.0-20260427234317-6edabe974d8a/go.mod h1:9vp0bxqozzQwcjBwenEXfKVq8+mYbwHkQ1NF9Ap0DMw=
